
Microsoft Visual Studio Solution File, Format Version 10.00
# Visual C++ Express 2008
Project("{8BC9CEB8-8B4A-11D0-8D11-00A0C91BC942}") = "gtest_lib_queue", "gtest_lib_queue.vcproj", "{EFE23746-FC43-47E0-AD3E-E0EABA624CD4}"
EndProject
Global
	GlobalSection(SolutionConfigurationPlatforms) = preSolution
		Debug|Win32 = Debug|Win32
		Release|Win32 = Release|Win32
	EndGlobalSection
	GlobalSection(ProjectConfigurationPlatforms) = postSolution
		{EFE23746-FC43-47E0-AD3E-E0EABA624CD4}.Debug|Win32.ActiveCfg = Debug|Win32
		{EFE23746-FC43-47E0-AD3E-E0EABA624CD4}.Debug|Win32.Build.0 = Debug|Win32
		{EFE23746-FC43-47E0-AD3E-E0EABA624CD4}.Release|Win32.ActiveCfg = Release|Win32
		{EFE23746-FC43-47E0-AD3E-E0EABA624CD4}.Release|Win32.Build.0 = Release|Win32
	EndGlobalSection
	GlobalSection(SolutionProperties) = preSolution
		HideSolutionNode = FALSE
	EndGlobalSection
EndGlobal
